<Solution>
  <Folder Name="/src/">
    <Project Path="src/Spincio.Bots/Spincio.Bots.csproj" />
    <Project Path="src/Spincio.Client/Spincio.Client.csproj" />
    <Project Path="src/Spincio.Engine/Spincio.Engine.csproj" />
  </Folder>
  <Folder Name="/tests/">
    <Project Path="tests/Spincio.Architecture.Tests/Spincio.Architecture.Tests.csproj" />
    <Project Path="tests/Spincio.Bots.Tests/Spincio.Bots.Tests.csproj" />
    <Project Path="tests/Spincio.Client.Tests/Spincio.Client.Tests.csproj" />
    <Project Path="tests/Spincio.Engine.Tests/Spincio.Engine.Tests.csproj" />
  </Folder>
  <Folder Name="/tools/">
    <Project Path="tools/Spincio.Simulator/Spincio.Simulator.csproj" />
  </Folder>
</Solution>
